
Microsoft Visual Studio Solution File, Format Version 12.00
# Visual Studio 15
VisualStudioVersion = 15.0.27130.2010
MinimumVisualStudioVersion = 10.0.40219.1
Project("{FAE04EC0-301F-11D3-BF4B-00C04F79EFBC}") = "LayoutsOptions.Android", "LayoutsOptions\LayoutsOptions.Android\LayoutsOptions.Android.csproj", "{5B61B379-0F85-4D24-9C2E-F58A95AC2BD6}"
EndProject
Project("{FAE04EC0-301F-11D3-BF4B-00C04F79EFBC}") = "LayoutsOptions.iOS", "LayoutsOptions\LayoutsOptions.iOS\LayoutsOptions.iOS.csproj", "{0EB0C1C3-8B67-4674-9C8A-99A58BBD6E3F}"
EndProject
Project("{FAE04EC0-301F-11D3-BF4B-00C04F79EFBC}") = "LayoutsOptions.UWP", "LayoutsOptions\LayoutsOptions.UWP\LayoutsOptions.UWP.csproj", "{F031B713-D050-45A8-AFE9-0D7190A1F5FB}"
EndProject
Project("{FAE04EC0-301F-11D3-BF4B-00C04F79EFBC}") = "LayoutsOptions", "LayoutsOptions\LayoutsOptions\LayoutsOptions.csproj", "{145B1D23-0949-46EA-B3F1-A6095CD0764C}"
EndProject
Global
	GlobalSection(SolutionConfigurationPlatforms) = preSolution
		Ad-Hoc|Any CPU = Ad-Hoc|Any CPU
		Ad-Hoc|ARM = Ad-Hoc|ARM
		Ad-Hoc|iPhone = Ad-Hoc|iPhone
		Ad-Hoc|iPhoneSimulator = Ad-Hoc|iPhoneSimulator
		Ad-Hoc|x64 = Ad-Hoc|x64
		Ad-Hoc|x86 = Ad-Hoc|x86
		AppStore|Any CPU = AppStore|Any CPU
		AppStore|ARM = AppStore|ARM
		AppStore|iPhone = AppStore|iPhone
		AppStore|iPhoneSimulator = AppStore|iPhoneSimulator
		AppStore|x64 = AppStore|x64
		AppStore|x86 = AppStore|x86
		Debug|Any CPU = Debug|Any CPU
		Debug|ARM = Debug|ARM
		Debug|iPhone = Debug|iPhone
		Debug|iPhoneSimulator = Debug|iPhoneSimulator
		Debug|x64 = Debug|x64
		Debug|x86 = Debug|x86
		Release|Any CPU = Release|Any CPU
		Release|ARM = Release|ARM
		Release|iPhone = Release|iPhone
		Release|iPhoneSimulator = Release|iPhoneSimulator
		Release|x64 = Release|x64
		Release|x86 = Release|x86
	EndGlobalSection
	GlobalSection(ProjectConfigurationPlatforms) = postSolution
		{5B61B379-0F85-4D24-9C2E-F58A95AC2BD6}.Ad-Hoc|Any CPU.ActiveCfg = Release|Any CPU
		{5B61B379-0F85-4D24-9C2E-F58A95AC2BD6}.Ad-Hoc|Any CPU.Build.0 = Release|Any CPU
		{5B61B379-0F85-4D24-9C2E-F58A95AC2BD6}.Ad-Hoc|Any CPU.Deploy.0 = Release|Any CPU
		{5B61B379-0F85-4D24-9C2E-F58A95AC2BD6}.Ad-Hoc|ARM.ActiveCfg = Release|Any CPU
		{5B61B379-0F85-4D24-9C2E-F58A95AC2BD6}.Ad-Hoc|ARM.Build.0 = Release|Any CPU
		{5B61B379-0F85-4D24-9C2E-F58A95AC2BD6}.Ad-Hoc|ARM.Deploy.0 = Release|Any CPU
		{5B61B379-0F85-4D24-9C2E-F58A95AC2BD6}.Ad-Hoc|iPhone.ActiveCfg = Release|Any CPU
		{5B61B379-0F85-4D24-9C2E-F58A95AC2BD6}.Ad-Hoc|iPhone.Build.0 = Release|Any CPU
		{5B61B379-0F85-4D24-9C2E-F58A95AC2BD6}.Ad-Hoc|iPhone.Deploy.0 = Release|Any CPU
		{5B61B379-0F85-4D24-9C2E-F58A95AC2BD6}.Ad-Hoc|iPhoneSimulator.ActiveCfg = Release|Any CPU
		{5B61B379-0F85-4D24-9C2E-F58A95AC2BD6}.Ad-Hoc|iPhoneSimulator.Build.0 = Release|Any CPU
		{5B61B379-0F85-4D24-9C2E-F58A95AC2BD6}.Ad-Hoc|iPhoneSimulator.Deploy.0 = Release|Any CPU
		{5B61B379-0F85-4D24-9C2E-F58A95AC2BD6}.Ad-Hoc|x64.ActiveCfg = Release|Any CPU
		{5B61B379-0F85-4D24-9C2E-F58A95AC2BD6}.Ad-Hoc|x64.Build.0 = Release|Any CPU
		{5B61B379-0F85-4D24-9C2E-F58A95AC2BD6}.Ad-Hoc|x64.Deploy.0 = Release|Any CPU
		{5B61B379-0F85-4D24-9C2E-F58A95AC2BD6}.Ad-Hoc|x86.ActiveCfg = Release|Any CPU
		{5B61B379-0F85-4D24-9C2E-F58A95AC2BD6}.Ad-Hoc|x86.Build.0 = Release|Any CPU
		{5B61B379-0F85-4D24-9C2E-F58A95AC2BD6}.Ad-Hoc|x86.Deploy.0 = Release|Any CPU
		{5B61B379-0F85-4D24-9C2E-F58A95AC2BD6}.AppStore|Any CPU.ActiveCfg = Release|Any CPU
		{5B61B379-0F85-4D24-9C2E-F58A95AC2BD6}.AppStore|Any CPU.Build.0 = Release|Any CPU
		{5B61B379-0F85-4D24-9C2E-F58A95AC2BD6}.AppStore|Any CPU.Deploy.0 = Release|Any CPU
		{5B61B379-0F85-4D24-9C2E-F58A95AC2BD6}.AppStore|ARM.ActiveCfg = Release|Any CPU
		{5B61B379-0F85-4D24-9C2E-F58A95AC2BD6}.AppStore|ARM.Build.0 = Release|Any CPU
		{5B61B379-0F85-4D24-9C2E-F58A95AC2BD6}.AppStore|ARM.Deploy.0 = Release|Any CPU
		{5B61B379-0F85-4D24-9C2E-F58A95AC2BD6}.AppStore|iPhone.ActiveCfg = Release|Any CPU
		{5B61B379-0F85-4D24-9C2E-F58A95AC2BD6}.AppStore|iPhone.Build.0 = Release|Any CPU
		{5B61B379-0F85-4D24-9C2E-F58A95AC2BD6}.AppStore|iPhone.Deploy.0 = Release|Any CPU
		{5B61B379-0F85-4D24-9C2E-F58A95AC2BD6}.AppStore|iPhoneSimulator.ActiveCfg = Release|Any CPU
		{5B61B379-0F85-4D24-9C2E-F58A95AC2BD6}.AppStore|iPhoneSimulator.Build.0 = Release|Any CPU
		{5B61B379-0F85-4D24-9C2E-F58A95AC2BD6}.AppStore|iPhoneSimulator.Deploy.0 = Release|Any CPU
		{5B61B379-0F85-4D24-9C2E-F58A95AC2BD6}.AppStore|x64.ActiveCfg = Release|Any CPU
		{5B61B379-0F85-4D24-9C2E-F58A95AC2BD6}.AppStore|x64.Build.0 = Release|Any CPU
		{5B61B379-0F85-4D24-9C2E-F58A95AC2BD6}.AppStore|x64.Deploy.0 = Release|Any CPU
		{5B61B379-0F85-4D24-9C2E-F58A95AC2BD6}.AppStore|x86.ActiveCfg = Release|Any CPU
		{5B61B379-0F85-4D24-9C2E-F58A95AC2BD6}.AppStore|x86.Build.0 = Release|Any CPU
		{5B61B379-0F85-4D24-9C2E-F58A95AC2BD6}.AppStore|x86.Deploy.0 = Release|Any CPU
		{5B61B379-0F85-4D24-9C2E-F58A95AC2BD6}.Debug|Any CPU.ActiveCfg = Debug|Any CPU
		{5B61B379-0F85-4D24-9C2E-F58A95AC2BD6}.Debug|Any CPU.Build.0 = Debug|Any CPU
		{5B61B379-0F85-4D24-9C2E-F58A95AC2BD6}.Debug|Any CPU.Deploy.0 = Debug|Any CPU
		{5B61B379-0F85-4D24-9C2E-F58A95AC2BD6}.Debug|ARM.ActiveCfg = Debug|Any CPU
		{5B61B379-0F85-4D24-9C2E-F58A95AC2BD6}.Debug|ARM.Build.0 = Debug|Any CPU
		{5B61B379-0F85-4D24-9C2E-F58A95AC2BD6}.Debug|ARM.Deploy.0 = Debug|Any CPU
		{5B61B379-0F85-4D24-9C2E-F58A95AC2BD6}.Debug|iPhone.ActiveCfg = Debug|Any CPU
		{5B61B379-0F85-4D24-9C2E-F58A95AC2BD6}.Debug|iPhone.Build.0 = Debug|Any CPU
		{5B61B379-0F85-4D24-9C2E-F58A95AC2BD6}.Debug|iPhone.Deploy.0 = Debug|Any CPU
		{5B61B379-0F85-4D24-9C2E-F58A95AC2BD6}.Debug|iPhoneSimulator.ActiveCfg = Debug|Any CPU
		{5B61B379-0F85-4D24-9C2E-F58A95AC2BD6}.Debug|iPhoneSimulator.Build.0 = Debug|Any CPU
		{5B61B379-0F85-4D24-9C2E-F58A95AC2BD6}.Debug|iPhoneSimulator.Deploy.0 = Debug|Any CPU
		{5B61B379-0F85-4D24-9C2E-F58A95AC2BD6}.Debug|x64.ActiveCfg = Debug|Any CPU
		{5B61B379-0F85-4D24-9C2E-F58A95AC2BD6}.Debug|x64.Build.0 = Debug|Any CPU
		{5B61B379-0F85-4D24-9C2E-F58A95AC2BD6}.Debug|x64.Deploy.0 = Debug|Any CPU
		{5B61B379-0F85-4D24-9C2E-F58A95AC2BD6}.Debug|x86.ActiveCfg = Debug|Any CPU
		{5B61B379-0F85-4D24-9C2E-F58A95AC2BD6}.Debug|x86.Build.0 = Debug|Any CPU
		{5B61B379-0F85-4D24-9C2E-F58A95AC2BD6}.Debug|x86.Deploy.0 = Debug|Any CPU
		{5B61B379-0F85-4D24-9C2E-F58A95AC2BD6}.Release|Any CPU.ActiveCfg = Release|Any CPU
		{5B61B379-0F85-4D24-9C2E-F58A95AC2BD6}.Release|Any CPU.Build.0 = Release|Any CPU
		{5B61B379-0F85-4D24-9C2E-F58A95AC2BD6}.Release|Any CPU.Deploy.0 = Release|Any CPU
		{5B61B379-0F85-4D24-9C2E-F58A95AC2BD6}.Release|ARM.ActiveCfg = Release|Any CPU
		{5B61B379-0F85-4D24-9C2E-F58A95AC2BD6}.Release|ARM.Build.0 = Release|Any CPU
		{5B61B379-0F85-4D24-9C2E-F58A95AC2BD6}.Release|ARM.Deploy.0 = Release|Any CPU
		{5B61B379-0F85-4D24-9C2E-F58A95AC2BD6}.Release|iPhone.ActiveCfg = Release|Any CPU
		{5B61B379-0F85-4D24-9C2E-F58A95AC2BD6}.Release|iPhone.Build.0 = Release|Any CPU
		{5B61B379-0F85-4D24-9C2E-F58A95AC2BD6}.Release|iPhone.Deploy.0 = Release|Any CPU
		{5B61B379-0F85-4D24-9C2E-F58A95AC2BD6}.Release|iPhoneSimulator.ActiveCfg = Release|Any CPU
		{5B61B379-0F85-4D24-9C2E-F58A95AC2BD6}.Release|iPhoneSimulator.Build.0 = Release|Any CPU
		{5B61B379-0F85-4D24-9C2E-F58A95AC2BD6}.Release|iPhoneSimulator.Deploy.0 = Release|Any CPU
		{5B61B379-0F85-4D24-9C2E-F58A95AC2BD6}.Release|x64.ActiveCfg = Release|Any CPU
		{5B61B379-0F85-4D24-9C2E-F58A95AC2BD6}.Release|x64.Build.0 = Release|Any CPU
		{5B61B379-0F85-4D24-9C2E-F58A95AC2BD6}.Release|x64.Deploy.0 = Release|Any CPU
		{5B61B379-0F85-4D24-9C2E-F58A95AC2BD6}.Release|x86.ActiveCfg = Release|Any CPU
		{5B61B379-0F85-4D24-9C2E-F58A95AC2BD6}.Release|x86.Build.0 = Release|Any CPU
		{5B61B379-0F85-4D24-9C2E-F58A95AC2BD6}.Release|x86.Deploy.0 = Release|Any CPU
		{0EB0C1C3-8B67-4674-9C8A-99A58BBD6E3F}.Ad-Hoc|Any CPU.ActiveCfg = Ad-Hoc|iPhone
		{0EB0C1C3-8B67-4674-9C8A-99A58BBD6E3F}.Ad-Hoc|ARM.ActiveCfg = Ad-Hoc|iPhone
		{0EB0C1C3-8B67-4674-9C8A-99A58BBD6E3F}.Ad-Hoc|iPhone.ActiveCfg = Ad-Hoc|iPhone
		{0EB0C1C3-8B67-4674-9C8A-99A58BBD6E3F}.Ad-Hoc|iPhone.Build.0 = Ad-Hoc|iPhone
		{0EB0C1C3-8B67-4674-9C8A-99A58BBD6E3F}.Ad-Hoc|iPhoneSimulator.ActiveCfg = Ad-Hoc|iPhoneSimulator
		{0EB0C1C3-8B67-4674-9C8A-99A58BBD6E3F}.Ad-Hoc|iPhoneSimulator.Build.0 = Ad-Hoc|iPhoneSimulator
		{0EB0C1C3-8B67-4674-9C8A-99A58BBD6E3F}.Ad-Hoc|x64.ActiveCfg = Ad-Hoc|iPhone
		{0EB0C1C3-8B67-4674-9C8A-99A58BBD6E3F}.Ad-Hoc|x86.ActiveCfg = Ad-Hoc|iPhone
		{0EB0C1C3-8B67-4674-9C8A-99A58BBD6E3F}.AppStore|Any CPU.ActiveCfg = AppStore|iPhone
		{0EB0C1C3-8B67-4674-9C8A-99A58BBD6E3F}.AppStore|ARM.ActiveCfg = AppStore|iPhone
		{0EB0C1C3-8B67-4674-9C8A-99A58BBD6E3F}.AppStore|iPhone.ActiveCfg = AppStore|iPhone
		{0EB0C1C3-8B67-4674-9C8A-99A58BBD6E3F}.AppStore|iPhone.Build.0 = AppStore|iPhone
		{0EB0C1C3-8B67-4674-9C8A-99A58BBD6E3F}.AppStore|iPhoneSimulator.ActiveCfg = AppStore|iPhoneSimulator
		{0EB0C1C3-8B67-4674-9C8A-99A58BBD6E3F}.AppStore|iPhoneSimulator.Build.0 = AppStore|iPhoneSimulator
		{0EB0C1C3-8B67-4674-9C8A-99A58BBD6E3F}.AppStore|x64.ActiveCfg = AppStore|iPhone
		{0EB0C1C3-8B67-4674-9C8A-99A58BBD6E3F}.AppStore|x86.ActiveCfg = AppStore|iPhone
		{0EB0C1C3-8B67-4674-9C8A-99A58BBD6E3F}.Debug|Any CPU.ActiveCfg = Debug|iPhone
		{0EB0C1C3-8B67-4674-9C8A-99A58BBD6E3F}.Debug|ARM.ActiveCfg = Debug|iPhone
		{0EB0C1C3-8B67-4674-9C8A-99A58BBD6E3F}.Debug|iPhone.ActiveCfg = Debug|iPhone
		{0EB0C1C3-8B67-4674-9C8A-99A58BBD6E3F}.Debug|iPhone.Build.0 = Debug|iPhone
		{0EB0C1C3-8B67-4674-9C8A-99A58BBD6E3F}.Debug|iPhoneSimulator.ActiveCfg = Debug|iPhoneSimulator
		{0EB0C1C3-8B67-4674-9C8A-99A58BBD6E3F}.Debug|iPhoneSimulator.Build.0 = Debug|iPhoneSimulator
		{0EB0C1C3-8B67-4674-9C8A-99A58BBD6E3F}.Debug|x64.ActiveCfg = Debug|iPhone
		{0EB0C1C3-8B67-4674-9C8A-99A58BBD6E3F}.Debug|x86.ActiveCfg = Debug|iPhone
		{0EB0C1C3-8B67-4674-9C8A-99A58BBD6E3F}.Release|Any CPU.ActiveCfg = Release|iPhone
		{0EB0C1C3-8B67-4674-9C8A-99A58BBD6E3F}.Release|ARM.ActiveCfg = Release|iPhone
		{0EB0C1C3-8B67-4674-9C8A-99A58BBD6E3F}.Release|iPhone.ActiveCfg = Release|iPhone
		{0EB0C1C3-8B67-4674-9C8A-99A58BBD6E3F}.Release|iPhone.Build.0 = Release|iPhone
		{0EB0C1C3-8B67-4674-9C8A-99A58BBD6E3F}.Release|iPhoneSimulator.ActiveCfg = Release|iPhoneSimulator
		{0EB0C1C3-8B67-4674-9C8A-99A58BBD6E3F}.Release|iPhoneSimulator.Build.0 = Release|iPhoneSimulator
		{0EB0C1C3-8B67-4674-9C8A-99A58BBD6E3F}.Release|x64.ActiveCfg = Release|iPhone
		{0EB0C1C3-8B67-4674-9C8A-99A58BBD6E3F}.Release|x86.ActiveCfg = Release|iPhone
		{F031B713-D050-45A8-AFE9-0D7190A1F5FB}.Ad-Hoc|Any CPU.ActiveCfg = Release|x86
		{F031B713-D050-45A8-AFE9-0D7190A1F5FB}.Ad-Hoc|Any CPU.Build.0 = Release|x86
		{F031B713-D050-45A8-AFE9-0D7190A1F5FB}.Ad-Hoc|Any CPU.Deploy.0 = Release|x86
		{F031B713-D050-45A8-AFE9-0D7190A1F5FB}.Ad-Hoc|ARM.ActiveCfg = Release|ARM
		{F031B713-D050-45A8-AFE9-0D7190A1F5FB}.Ad-Hoc|ARM.Build.0 = Release|ARM
		{F031B713-D050-45A8-AFE9-0D7190A1F5FB}.Ad-Hoc|ARM.Deploy.0 = Release|ARM
		{F031B713-D050-45A8-AFE9-0D7190A1F5FB}.Ad-Hoc|iPhone.ActiveCfg = Release|x86
		{F031B713-D050-45A8-AFE9-0D7190A1F5FB}.Ad-Hoc|iPhone.Build.0 = Release|x86
		{F031B713-D050-45A8-AFE9-0D7190A1F5FB}.Ad-Hoc|iPhone.Deploy.0 = Release|x86
		{F031B713-D050-45A8-AFE9-0D7190A1F5FB}.Ad-Hoc|iPhoneSimulator.ActiveCfg = Release|x86
		{F031B713-D050-45A8-AFE9-0D7190A1F5FB}.Ad-Hoc|iPhoneSimulator.Build.0 = Release|x86
		{F031B713-D050-45A8-AFE9-0D7190A1F5FB}.Ad-Hoc|iPhoneSimulator.Deploy.0 = Release|x86
		{F031B713-D050-45A8-AFE9-0D7190A1F5FB}.Ad-Hoc|x64.ActiveCfg = Release|x64
		{F031B713-D050-45A8-AFE9-0D7190A1F5FB}.Ad-Hoc|x64.Build.0 = Release|x64
		{F031B713-D050-45A8-AFE9-0D7190A1F5FB}.Ad-Hoc|x64.Deploy.0 = Release|x64
		{F031B713-D050-45A8-AFE9-0D7190A1F5FB}.Ad-Hoc|x86.ActiveCfg = Release|x86
		{F031B713-D050-45A8-AFE9-0D7190A1F5FB}.Ad-Hoc|x86.Build.0 = Release|x86
		{F031B713-D050-45A8-AFE9-0D7190A1F5FB}.Ad-Hoc|x86.Deploy.0 = Release|x86
		{F031B713-D050-45A8-AFE9-0D7190A1F5FB}.AppStore|Any CPU.ActiveCfg = Release|x86
		{F031B713-D050-45A8-AFE9-0D7190A1F5FB}.AppStore|Any CPU.Build.0 = Release|x86
		{F031B713-D050-45A8-AFE9-0D7190A1F5FB}.AppStore|Any CPU.Deploy.0 = Release|x86
		{F031B713-D050-45A8-AFE9-0D7190A1F5FB}.AppStore|ARM.ActiveCfg = Release|ARM
		{F031B713-D050-45A8-AFE9-0D7190A1F5FB}.AppStore|ARM.Build.0 = Release|ARM
		{F031B713-D050-45A8-AFE9-0D7190A1F5FB}.AppStore|ARM.Deploy.0 = Release|ARM
		{F031B713-D050-45A8-AFE9-0D7190A1F5FB}.AppStore|iPhone.ActiveCfg = Release|x86
		{F031B713-D050-45A8-AFE9-0D7190A1F5FB}.AppStore|iPhone.Build.0 = Release|x86
		{F031B713-D050-45A8-AFE9-0D7190A1F5FB}.AppStore|iPhone.Deploy.0 = Release|x86
		{F031B713-D050-45A8-AFE9-0D7190A1F5FB}.AppStore|iPhoneSimulator.ActiveCfg = Release|x86
		{F031B713-D050-45A8-AFE9-0D7190A1F5FB}.AppStore|iPhoneSimulator.Build.0 = Release|x86
		{F031B713-D050-45A8-AFE9-0D7190A1F5FB}.AppStore|iPhoneSimulator.Deploy.0 = Release|x86
		{F031B713-D050-45A8-AFE9-0D7190A1F5FB}.AppStore|x64.ActiveCfg = Release|x64
		{F031B713-D050-45A8-AFE9-0D7190A1F5FB}.AppStore|x64.Build.0 = Release|x64
		{F031B713-D050-45A8-AFE9-0D7190A1F5FB}.AppStore|x64.Deploy.0 = Release|x64
		{F031B713-D050-45A8-AFE9-0D7190A1F5FB}.AppStore|x86.ActiveCfg = Release|x86
		{F031B713-D050-45A8-AFE9-0D7190A1F5FB}.AppStore|x86.Build.0 = Release|x86
		{F031B713-D050-45A8-AFE9-0D7190A1F5FB}.AppStore|x86.Deploy.0 = Release|x86
		{F031B713-D050-45A8-AFE9-0D7190A1F5FB}.Debug|Any CPU.ActiveCfg = Debug|x86
		{F031B713-D050-45A8-AFE9-0D7190A1F5FB}.Debug|ARM.ActiveCfg = Debug|ARM
		{F031B713-D050-45A8-AFE9-0D7190A1F5FB}.Debug|ARM.Build.0 = Debug|ARM
		{F031B713-D050-45A8-AFE9-0D7190A1F5FB}.Debug|ARM.Deploy.0 = Debug|ARM
		{F031B713-D050-45A8-AFE9-0D7190A1F5FB}.Debug|iPhone.ActiveCfg = Debug|x86
		{F031B713-D050-45A8-AFE9-0D7190A1F5FB}.Debug|iPhoneSimulator.ActiveCfg = Debug|x86
		{F031B713-D050-45A8-AFE9-0D7190A1F5FB}.Debug|x64.ActiveCfg = Debug|x64
		{F031B713-D050-45A8-AFE9-0D7190A1F5FB}.Debug|x64.Build.0 = Debug|x64
		{F031B713-D050-45A8-AFE9-0D7190A1F5FB}.Debug|x64.Deploy.0 = Debug|x64
		{F031B713-D050-45A8-AFE9-0D7190A1F5FB}.Debug|x86.ActiveCfg = Debug|x86
		{F031B713-D050-45A8-AFE9-0D7190A1F5FB}.Debug|x86.Build.0 = Debug|x86
		{F031B713-D050-45A8-AFE9-0D7190A1F5FB}.Debug|x86.Deploy.0 = Debug|x86
		{F031B713-D050-45A8-AFE9-0D7190A1F5FB}.Release|Any CPU.ActiveCfg = Release|x86
		{F031B713-D050-45A8-AFE9-0D7190A1F5FB}.Release|ARM.ActiveCfg = Release|ARM
		{F031B713-D050-45A8-AFE9-0D7190A1F5FB}.Release|ARM.Build.0 = Release|ARM
		{F031B713-D050-45A8-AFE9-0D7190A1F5FB}.Release|ARM.Deploy.0 = Release|ARM
		{F031B713-D050-45A8-AFE9-0D7190A1F5FB}.Release|iPhone.ActiveCfg = Release|x86
		{F031B713-D050-45A8-AFE9-0D7190A1F5FB}.Release|iPhoneSimulator.ActiveCfg = Release|x86
		{F031B713-D050-45A8-AFE9-0D7190A1F5FB}.Release|x64.ActiveCfg = Release|x64
		{F031B713-D050-45A8-AFE9-0D7190A1F5FB}.Release|x64.Build.0 = Release|x64
		{F031B713-D050-45A8-AFE9-0D7190A1F5FB}.Release|x64.Deploy.0 = Release|x64
		{F031B713-D050-45A8-AFE9-0D7190A1F5FB}.Release|x86.ActiveCfg = Release|x86
		{F031B713-D050-45A8-AFE9-0D7190A1F5FB}.Release|x86.Build.0 = Release|x86
		{F031B713-D050-45A8-AFE9-0D7190A1F5FB}.Release|x86.Deploy.0 = Release|x86
		{145B1D23-0949-46EA-B3F1-A6095CD0764C}.Ad-Hoc|Any CPU.ActiveCfg = Debug|Any CPU
		{145B1D23-0949-46EA-B3F1-A6095CD0764C}.Ad-Hoc|Any CPU.Build.0 = Debug|Any CPU
		{145B1D23-0949-46EA-B3F1-A6095CD0764C}.Ad-Hoc|ARM.ActiveCfg = Debug|Any CPU
		{145B1D23-0949-46EA-B3F1-A6095CD0764C}.Ad-Hoc|ARM.Build.0 = Debug|Any CPU
		{145B1D23-0949-46EA-B3F1-A6095CD0764C}.Ad-Hoc|iPhone.ActiveCfg = Debug|Any CPU
		{145B1D23-0949-46EA-B3F1-A6095CD0764C}.Ad-Hoc|iPhone.Build.0 = Debug|Any CPU
		{145B1D23-0949-46EA-B3F1-A6095CD0764C}.Ad-Hoc|iPhoneSimulator.ActiveCfg = Debug|Any CPU
		{145B1D23-0949-46EA-B3F1-A6095CD0764C}.Ad-Hoc|iPhoneSimulator.Build.0 = Debug|Any CPU
		{145B1D23-0949-46EA-B3F1-A6095CD0764C}.Ad-Hoc|x64.ActiveCfg = Debug|Any CPU
		{145B1D23-0949-46EA-B3F1-A6095CD0764C}.Ad-Hoc|x64.Build.0 = Debug|Any CPU
		{145B1D23-0949-46EA-B3F1-A6095CD0764C}.Ad-Hoc|x86.ActiveCfg = Debug|Any CPU
		{145B1D23-0949-46EA-B3F1-A6095CD0764C}.Ad-Hoc|x86.Build.0 = Debug|Any CPU
		{145B1D23-0949-46EA-B3F1-A6095CD0764C}.AppStore|Any CPU.ActiveCfg = Debug|Any CPU
		{145B1D23-0949-46EA-B3F1-A6095CD0764C}.AppStore|Any CPU.Build.0 = Debug|Any CPU
		{145B1D23-0949-46EA-B3F1-A6095CD0764C}.AppStore|ARM.ActiveCfg = Debug|Any CPU
		{145B1D23-0949-46EA-B3F1-A6095CD0764C}.AppStore|ARM.Build.0 = Debug|Any CPU
		{145B1D23-0949-46EA-B3F1-A6095CD0764C}.AppStore|iPhone.ActiveCfg = Debug|Any CPU
		{145B1D23-0949-46EA-B3F1-A6095CD0764C}.AppStore|iPhone.Build.0 = Debug|Any CPU
		{145B1D23-0949-46EA-B3F1-A6095CD0764C}.AppStore|iPhoneSimulator.ActiveCfg = Debug|Any CPU
		{145B1D23-0949-46EA-B3F1-A6095CD0764C}.AppStore|iPhoneSimulator.Build.0 = Debug|Any CPU
		{145B1D23-0949-46EA-B3F1-A6095CD0764C}.AppStore|x64.ActiveCfg = Debug|Any CPU
		{145B1D23-0949-46EA-B3F1-A6095CD0764C}.AppStore|x64.Build.0 = Debug|Any CPU
		{145B1D23-0949-46EA-B3F1-A6095CD0764C}.AppStore|x86.ActiveCfg = Debug|Any CPU
		{145B1D23-0949-46EA-B3F1-A6095CD0764C}.AppStore|x86.Build.0 = Debug|Any CPU
		{145B1D23-0949-46EA-B3F1-A6095CD0764C}.Debug|Any CPU.ActiveCfg = Debug|Any CPU
		{145B1D23-0949-46EA-B3F1-A6095CD0764C}.Debug|Any CPU.Build.0 = Debug|Any CPU
		{145B1D23-0949-46EA-B3F1-A6095CD0764C}.Debug|ARM.ActiveCfg = Debug|Any CPU
		{145B1D23-0949-46EA-B3F1-A6095CD0764C}.Debug|ARM.Build.0 = Debug|Any CPU
		{145B1D23-0949-46EA-B3F1-A6095CD0764C}.Debug|iPhone.ActiveCfg = Debug|Any CPU
		{145B1D23-0949-46EA-B3F1-A6095CD0764C}.Debug|iPhone.Build.0 = Debug|Any CPU
		{145B1D23-0949-46EA-B3F1-A6095CD0764C}.Debug|iPhoneSimulator.ActiveCfg = Debug|Any CPU
		{145B1D23-0949-46EA-B3F1-A6095CD0764C}.Debug|iPhoneSimulator.Build.0 = Debug|Any CPU
		{145B1D23-0949-46EA-B3F1-A6095CD0764C}.Debug|x64.ActiveCfg = Debug|Any CPU
		{145B1D23-0949-46EA-B3F1-A6095CD0764C}.Debug|x64.Build.0 = Debug|Any CPU
		{145B1D23-0949-46EA-B3F1-A6095CD0764C}.Debug|x86.ActiveCfg = Debug|Any CPU
		{145B1D23-0949-46EA-B3F1-A6095CD0764C}.Debug|x86.Build.0 = Debug|Any CPU
		{145B1D23-0949-46EA-B3F1-A6095CD0764C}.Release|Any CPU.ActiveCfg = Release|Any CPU
		{145B1D23-0949-46EA-B3F1-A6095CD0764C}.Release|Any CPU.Build.0 = Release|Any CPU
		{145B1D23-0949-46EA-B3F1-A6095CD0764C}.Release|ARM.ActiveCfg = Release|Any CPU
		{145B1D23-0949-46EA-B3F1-A6095CD0764C}.Release|ARM.Build.0 = Release|Any CPU
		{145B1D23-0949-46EA-B3F1-A6095CD0764C}.Release|iPhone.ActiveCfg = Release|Any CPU
		{145B1D23-0949-46EA-B3F1-A6095CD0764C}.Release|iPhone.Build.0 = Release|Any CPU
		{145B1D23-0949-46EA-B3F1-A6095CD0764C}.Release|iPhoneSimulator.ActiveCfg = Release|Any CPU
		{145B1D23-0949-46EA-B3F1-A6095CD0764C}.Release|iPhoneSimulator.Build.0 = Release|Any CPU
		{145B1D23-0949-46EA-B3F1-A6095CD0764C}.Release|x64.ActiveCfg = Release|Any CPU
		{145B1D23-0949-46EA-B3F1-A6095CD0764C}.Release|x64.Build.0 = Release|Any CPU
		{145B1D23-0949-46EA-B3F1-A6095CD0764C}.Release|x86.ActiveCfg = Release|Any CPU
		{145B1D23-0949-46EA-B3F1-A6095CD0764C}.Release|x86.Build.0 = Release|Any CPU
	EndGlobalSection
	GlobalSection(SolutionProperties) = preSolution
		HideSolutionNode = FALSE
	EndGlobalSection
	GlobalSection(ExtensibilityGlobals) = postSolution
		SolutionGuid = {D486E9A0-0EA6-475F-BECB-76CDB1885391}
	EndGlobalSection
EndGlobal
